<?xml version="1.0" encoding="utf-8"?>
<Project ToolsVersion="4.0" xmlns="http://schemas.microsoft.com/developer/msbuild/2003">
  <ItemGroup>
    <ClCompile Include="..\..\homesoft\addbuyorderdialog.cpp">
      <Filter>Source Files</Filter>
    </ClCompile>
    <ClCompile Include="..\..\homesoft\additemdialog.cpp">
      <Filter>Source Files</Filter>
    </ClCompile>
    <ClCompile Include="..\..\homesoft\additemstyletransaction.cpp">
      <Filter>Source Files</Filter>
    </ClCompile>
    <ClCompile Include="..\..\homesoft\addordertransaction.cpp">
      <Filter>Source Files</Filter>
    </ClCompile>
    <ClCompile Include="..\..\homesoft\adduserdialog.cpp">
      <Filter>Source Files</Filter>
    </ClCompile>
    <ClCompile Include="..\..\homesoft\addusertransaction.cpp">
      <Filter>Source Files</Filter>
    </ClCompile>
    <ClCompile Include="..\..\homesoft\counterbymonthanduserdialog.cpp">
      <Filter>Source Files</Filter>
    </ClCompile>
    <ClCompile Include="..\..\homesoft\counterbymonthandusertransaction.cpp">
      <Filter>Source Files</Filter>
    </ClCompile>
    <ClCompile Include="..\..\homesoft\countermonthdialog.cpp">
      <Filter>Source Files</Filter>
    </ClCompile>
    <ClCompile Include="..\..\homesoft\countermonthtransaction.cpp">
      <Filter>Source Files</Filter>
    </ClCompile>
    <ClCompile Include="..\..\homesoft\countertransaction.cpp">
      <Filter>Source Files</Filter>
    </ClCompile>
    <ClCompile Include="..\..\homesoft\loadtransaction.cpp">
      <Filter>Source Files</Filter>
    </ClCompile>
    <ClCompile Include="..\..\homesoft\main.cpp">
      <Filter>Source Files</Filter>
    </ClCompile>
    <ClCompile Include="..\..\homesoft\mainwindow.cpp">
      <Filter>Source Files</Filter>
    </ClCompile>
    <ClCompile Include="..\..\homesoft\menudatabase.cpp">
      <Filter>Source Files</Filter>
    </ClCompile>
    <ClCompile Include="..\..\homesoft\order.cpp">
      <Filter>Source Files</Filter>
    </ClCompile>
    <ClCompile Include="..\..\homesoft\querybydatedialog.cpp">
      <Filter>Source Files</Filter>
    </ClCompile>
    <ClCompile Include="..\..\homesoft\querybydatetransaction.cpp">
      <Filter>Source Files</Filter>
    </ClCompile>
    <ClCompile Include="..\..\homesoft\querybynameanddatedialog.cpp">
      <Filter>Source Files</Filter>
    </ClCompile>
    <ClCompile Include="..\..\homesoft\querybynameanddatetransaction.cpp">
      <Filter>Source Files</Filter>
    </ClCompile>
    <ClCompile Include="..\..\homesoft\querytransaction.cpp">
      <Filter>Source Files</Filter>
    </ClCompile>
    <ClCompile Include="..\..\homesoft\savetransaction.cpp">
      <Filter>Source Files</Filter>
    </ClCompile>
    <ClCompile Include="..\..\homesoft\transaction.cpp">
      <Filter>Source Files</Filter>
    </ClCompile>
    <ClCompile Include="moc_mainwindow.cxx">
      <Filter>Source Files</Filter>
    </ClCompile>
    <ClCompile Include="moc_addbuyorderdialog.cxx">
      <Filter>Source Files</Filter>
    </ClCompile>
    <ClCompile Include="moc_additemdialog.cxx">
      <Filter>Source Files</Filter>
    </ClCompile>
    <ClCompile Include="moc_adduserdialog.cxx">
      <Filter>Source Files</Filter>
    </ClCompile>
    <ClCompile Include="moc_querybydatedialog.cxx">
      <Filter>Source Files</Filter>
    </ClCompile>
    <ClCompile Include="moc_querybynameanddatedialog.cxx">
      <Filter>Source Files</Filter>
    </ClCompile>
    <ClCompile Include="moc_countermonthdialog.cxx">
      <Filter>Source Files</Filter>
    </ClCompile>
    <ClCompile Include="moc_counterbymonthanduserdialog.cxx">
      <Filter>Source Files</Filter>
    </ClCompile>
    <ClCompile Include="qrc_dockwidgets.cxx">
      <Filter>Source Files</Filter>
    </ClCompile>
  </ItemGroup>
  <ItemGroup>
    <ClInclude Include="..\..\homesoft\addbuyorderdialog.h">
      <Filter>Header Files</Filter>
    </ClInclude>
    <ClInclude Include="..\..\homesoft\additemdialog.h">
      <Filter>Header Files</Filter>
    </ClInclude>
    <ClInclude Include="..\..\homesoft\additemstyletransaction.h">
      <Filter>Header Files</Filter>
    </ClInclude>
    <ClInclude Include="..\..\homesoft\addordertransaction.h">
      <Filter>Header Files</Filter>
    </ClInclude>
    <ClInclude Include="..\..\homesoft\adduserdialog.h">
      <Filter>Header Files</Filter>
    </ClInclude>
    <ClInclude Include="..\..\homesoft\addusertransaction.h">
      <Filter>Header Files</Filter>
    </ClInclude>
    <ClInclude Include="..\..\homesoft\counterbymonthanduserdialog.h">
      <Filter>Header Files</Filter>
    </ClInclude>
    <ClInclude Include="..\..\homesoft\counterbymonthandusertransaction.h">
      <Filter>Header Files</Filter>
    </ClInclude>
    <ClInclude Include="..\..\homesoft\countermonthdialog.h">
      <Filter>Header Files</Filter>
    </ClInclude>
    <ClInclude Include="..\..\homesoft\countermonthtransaction.h">
      <Filter>Header Files</Filter>
    </ClInclude>
    <ClInclude Include="..\..\homesoft\countertransaction.h">
      <Filter>Header Files</Filter>
    </ClInclude>
    <ClInclude Include="..\..\homesoft\loadtransaction.h">
      <Filter>Header Files</Filter>
    </ClInclude>
    <ClInclude Include="..\..\homesoft\mainwindow.h">
      <Filter>Header Files</Filter>
    </ClInclude>
    <ClInclude Include="..\..\homesoft\menudatabase.h">
      <Filter>Header Files</Filter>
    </ClInclude>
    <ClInclude Include="..\..\homesoft\order.h">
      <Filter>Header Files</Filter>
    </ClInclude>
    <ClInclude Include="..\..\homesoft\querybydatedialog.h">
      <Filter>Header Files</Filter>
    </ClInclude>
    <ClInclude Include="..\..\homesoft\querybydatetransaction.h">
      <Filter>Header Files</Filter>
    </ClInclude>
    <ClInclude Include="..\..\homesoft\querybynameanddatedialog.h">
      <Filter>Header Files</Filter>
    </ClInclude>
    <ClInclude Include="..\..\homesoft\querybynameanddatetransaction.h">
      <Filter>Header Files</Filter>
    </ClInclude>
    <ClInclude Include="..\..\homesoft\querytransaction.h">
      <Filter>Header Files</Filter>
    </ClInclude>
    <ClInclude Include="..\..\homesoft\savetransaction.h">
      <Filter>Header Files</Filter>
    </ClInclude>
    <ClInclude Include="..\..\homesoft\transaction.h">
      <Filter>Header Files</Filter>
    </ClInclude>
  </ItemGroup>
  <ItemGroup>
    <CustomBuild Include="..\..\homesoft\CMakeLists.txt" />
    <CustomBuild Include="..\CMakeFiles\13fd87bdac99d59e2809716bdfdfe243\moc_mainwindow.cxx.rule">
      <Filter>CMake Rules</Filter>
    </CustomBuild>
    <CustomBuild Include="..\CMakeFiles\13fd87bdac99d59e2809716bdfdfe243\moc_addbuyorderdialog.cxx.rule">
      <Filter>CMake Rules</Filter>
    </CustomBuild>
    <CustomBuild Include="..\CMakeFiles\13fd87bdac99d59e2809716bdfdfe243\moc_additemdialog.cxx.rule">
      <Filter>CMake Rules</Filter>
    </CustomBuild>
    <CustomBuild Include="..\CMakeFiles\13fd87bdac99d59e2809716bdfdfe243\moc_adduserdialog.cxx.rule">
      <Filter>CMake Rules</Filter>
    </CustomBuild>
    <CustomBuild Include="..\CMakeFiles\13fd87bdac99d59e2809716bdfdfe243\moc_querybydatedialog.cxx.rule">
      <Filter>CMake Rules</Filter>
    </CustomBuild>
    <CustomBuild Include="..\CMakeFiles\13fd87bdac99d59e2809716bdfdfe243\moc_querybynameanddatedialog.cxx.rule">
      <Filter>CMake Rules</Filter>
    </CustomBuild>
    <CustomBuild Include="..\CMakeFiles\13fd87bdac99d59e2809716bdfdfe243\moc_countermonthdialog.cxx.rule">
      <Filter>CMake Rules</Filter>
    </CustomBuild>
    <CustomBuild Include="..\CMakeFiles\13fd87bdac99d59e2809716bdfdfe243\moc_counterbymonthanduserdialog.cxx.rule">
      <Filter>CMake Rules</Filter>
    </CustomBuild>
    <CustomBuild Include="..\..\homesoft\dockwidgets.qrc">
      <Filter>Resource Files</Filter>
    </CustomBuild>
  </ItemGroup>
  <ItemGroup>
    <Filter Include="Source Files">
      <UniqueIdentifier>{71F14BE5-9E41-436D-A814-45866AD189D9}</UniqueIdentifier>
    </Filter>
    <Filter Include="Header Files">
      <UniqueIdentifier>{8CB07D7B-6D53-4CF9-B719-D921FD860CA4}</UniqueIdentifier>
    </Filter>
    <Filter Include="CMake Rules">
      <UniqueIdentifier>{D97DB4C5-CA68-4FBC-917F-D3CBF2CBA04F}</UniqueIdentifier>
    </Filter>
    <Filter Include="Resource Files">
      <UniqueIdentifier>{F95217F2-5DFA-460B-AE29-4AD6B6B7C048}</UniqueIdentifier>
    </Filter>
  </ItemGroup>
</Project>
