<?xml version="1.0" encoding="utf-8"?>
<Project ToolsVersion="4.0" xmlns="http://schemas.microsoft.com/developer/msbuild/2003">
  <ItemGroup>
    <CustomBuild Include="..\CMakeFiles\ce19bd88260709ab3f78b467419b1796\PACKAGE_force.rule">
      <Filter>CMake Rules</Filter>
    </CustomBuild>
  </ItemGroup>
  <ItemGroup>
    <Filter Include="CMake Rules">
      <UniqueIdentifier>{D97DB4C5-CA68-4FBC-917F-D3CBF2CBA04F}</UniqueIdentifier>
    </Filter>
  </ItemGroup>
</Project>
